// !$*UTF8*$!
{
	archiveVersion = 1;
	classes = {
	};
	objectVersion = 50;
	objects = {

/* Begin PBXBuildFile section */
		C51173C225C0C60300A256F3 /* AppDelegate.swift in Sources */ = {isa = PBXBuildFile; fileRef = C51173C125C0C60300A256F3 /* AppDelegate.swift */; };
		C51173C425C0C60300A256F3 /* SceneDelegate.swift in Sources */ = {isa = PBXBuildFile; fileRef = C51173C325C0C60300A256F3 /* SceneDelegate.swift */; };
		C51173CB25C0C60400A256F3 /* Assets.xcassets in Resources */ = {isa = PBXBuildFile; fileRef = C51173CA25C0C60400A256F3 /* Assets.xcassets */; };
		C51173CE25C0C60400A256F3 /* LaunchScreen.storyboard in Resources */ = {isa = PBXBuildFile; fileRef = C51173CC25C0C60400A256F3 /* LaunchScreen.storyboard */; };
		C51173D925C0C60400A256F3 /* TwitterFakeAppTests.swift in Sources */ = {isa = PBXBuildFile; fileRef = C51173D825C0C60400A256F3 /* TwitterFakeAppTests.swift */; };
		C51173E425C0C60400A256F3 /* TwitterFakeAppUITests.swift in Sources */ = {isa = PBXBuildFile; fileRef = C51173E325C0C60400A256F3 /* TwitterFakeAppUITests.swift */; };
		C51173FB25C0C7BE00A256F3 /* BaseViewController.swift in Sources */ = {isa = PBXBuildFile; fileRef = C51173FA25C0C7BE00A256F3 /* BaseViewController.swift */; };
		C511740025C0C7FE00A256F3 /* BasePresenter.swift in Sources */ = {isa = PBXBuildFile; fileRef = C51173FF25C0C7FE00A256F3 /* BasePresenter.swift */; };
		C511740625C0C8A400A256F3 /* LoginViewController.swift in Sources */ = {isa = PBXBuildFile; fileRef = C511740525C0C8A400A256F3 /* LoginViewController.swift */; };
		C511740B25C0C8B600A256F3 /* LoginPresenter.swift in Sources */ = {isa = PBXBuildFile; fileRef = C511740A25C0C8B600A256F3 /* LoginPresenter.swift */; };
		C511741025C0C8C900A256F3 /* LoginModels.swift in Sources */ = {isa = PBXBuildFile; fileRef = C511740F25C0C8C900A256F3 /* LoginModels.swift */; };
		C511741525C0CA0F00A256F3 /* Login.storyboard in Resources */ = {isa = PBXBuildFile; fileRef = C511741425C0CA0F00A256F3 /* Login.storyboard */; };
		C511743D25C202C500A256F3 /* LoginService.swift in Sources */ = {isa = PBXBuildFile; fileRef = C511743C25C202C500A256F3 /* LoginService.swift */; };
		C511744525C203B100A256F3 /* ServiceResult.swift in Sources */ = {isa = PBXBuildFile; fileRef = C511744425C203B100A256F3 /* ServiceResult.swift */; };
		C511744D25C204C900A256F3 /* LoginServiceMock.swift in Sources */ = {isa = PBXBuildFile; fileRef = C511744C25C204C900A256F3 /* LoginServiceMock.swift */; };
		C511745225C218B900A256F3 /* SceneName.swift in Sources */ = {isa = PBXBuildFile; fileRef = C511745125C218B900A256F3 /* SceneName.swift */; };
		C511745C25C2213000A256F3 /* Dashboard.storyboard in Resources */ = {isa = PBXBuildFile; fileRef = C511745B25C2213000A256F3 /* Dashboard.storyboard */; };
		C511746125C2215000A256F3 /* DashboardViewController.swift in Sources */ = {isa = PBXBuildFile; fileRef = C511746025C2215000A256F3 /* DashboardViewController.swift */; };
		C511746625C22AF200A256F3 /* RoundedButton.swift in Sources */ = {isa = PBXBuildFile; fileRef = C511746525C22AF200A256F3 /* RoundedButton.swift */; };
		C511746C25C2302800A256F3 /* Loading.storyboard in Resources */ = {isa = PBXBuildFile; fileRef = C511746B25C2302800A256F3 /* Loading.storyboard */; };
		C511747525C5E9EA00A256F3 /* Main.storyboard in Resources */ = {isa = PBXBuildFile; fileRef = C511747425C5E9EA00A256F3 /* Main.storyboard */; };
		C511747A25C5EDD200A256F3 /* MainViewController.swift in Sources */ = {isa = PBXBuildFile; fileRef = C511747925C5EDD200A256F3 /* MainViewController.swift */; };
		C511747F25C5EF0B00A256F3 /* MainPresenter.swift in Sources */ = {isa = PBXBuildFile; fileRef = C511747E25C5EF0B00A256F3 /* MainPresenter.swift */; };
		C511748725C5FF1800A256F3 /* TweetTableViewCell.swift in Sources */ = {isa = PBXBuildFile; fileRef = C511748525C5FF1800A256F3 /* TweetTableViewCell.swift */; };
		C511748825C5FF1800A256F3 /* TweetTableViewCell.xib in Resources */ = {isa = PBXBuildFile; fileRef = C511748625C5FF1800A256F3 /* TweetTableViewCell.xib */; };
		C511749025C5FFBE00A256F3 /* DashboardPresenter.swift in Sources */ = {isa = PBXBuildFile; fileRef = C511748F25C5FFBE00A256F3 /* DashboardPresenter.swift */; };
		C511749625C61C0B00A256F3 /* SocialBarView.swift in Sources */ = {isa = PBXBuildFile; fileRef = C511749525C61C0B00A256F3 /* SocialBarView.swift */; };
		C511749B25C61C2000A256F3 /* SocialBarView.xib in Resources */ = {isa = PBXBuildFile; fileRef = C511749A25C61C2000A256F3 /* SocialBarView.xib */; };
		C51174A325C6305000A256F3 /* DashboardModels.swift in Sources */ = {isa = PBXBuildFile; fileRef = C51174A225C6305000A256F3 /* DashboardModels.swift */; };
		C51174A925C633A100A256F3 /* DashboardService.swift in Sources */ = {isa = PBXBuildFile; fileRef = C51174A825C633A100A256F3 /* DashboardService.swift */; };
		C51174B125C633AC00A256F3 /* DashboardServiceMock.swift in Sources */ = {isa = PBXBuildFile; fileRef = C51174B025C633AC00A256F3 /* DashboardServiceMock.swift */; };
		C51174B725C6346F00A256F3 /* Tweet.swift in Sources */ = {isa = PBXBuildFile; fileRef = C51174B625C6346F00A256F3 /* Tweet.swift */; };
		C51174BC25C634F500A256F3 /* SimpleUser.swift in Sources */ = {isa = PBXBuildFile; fileRef = C51174BB25C634F500A256F3 /* SimpleUser.swift */; };
		C51174C125C635B400A256F3 /* Pagination.swift in Sources */ = {isa = PBXBuildFile; fileRef = C51174C025C635B400A256F3 /* Pagination.swift */; };
		C51174C825C7044600A256F3 /* LoadingTableViewCell.swift in Sources */ = {isa = PBXBuildFile; fileRef = C51174C625C7044600A256F3 /* LoadingTableViewCell.swift */; };
		C51174C925C7044600A256F3 /* LoadingTableViewCell.xib in Resources */ = {isa = PBXBuildFile; fileRef = C51174C725C7044600A256F3 /* LoadingTableViewCell.xib */; };
		C5E12F8025C722C500DAC86B /* PaddingLabel.swift in Sources */ = {isa = PBXBuildFile; fileRef = C5E12F7F25C722C500DAC86B /* PaddingLabel.swift */; };
		C5E12F8925C7252800DAC86B /* SideMenu.storyboard in Resources */ = {isa = PBXBuildFile; fileRef = C5E12F8825C7252800DAC86B /* SideMenu.storyboard */; };
/* End PBXBuildFile section */

/* Begin PBXContainerItemProxy section */
		C51173D525C0C60400A256F3 /* PBXContainerItemProxy */ = {
			isa = PBXContainerItemProxy;
			containerPortal = C51173B625C0C60300A256F3 /* Project object */;
			proxyType = 1;
			remoteGlobalIDString = C51173BD25C0C60300A256F3;
			remoteInfo = TwitterFakeApp;
		};
		C51173E025C0C60400A256F3 /* PBXContainerItemProxy */ = {
			isa = PBXContainerItemProxy;
			containerPortal = C51173B625C0C60300A256F3 /* Project object */;
			proxyType = 1;
			remoteGlobalIDString = C51173BD25C0C60300A256F3;
			remoteInfo = TwitterFakeApp;
		};
/* End PBXContainerItemProxy section */

/* Begin PBXFileReference section */
		C51173BE25C0C60300A256F3 /* TwitterFakeApp.app */ = {isa = PBXFileReference; explicitFileType = wrapper.application; includeInIndex = 0; path = TwitterFakeApp.app; sourceTree = BUILT_PRODUCTS_DIR; };
		C51173C125C0C60300A256F3 /* AppDelegate.swift */ = {isa = PBXFileReference; lastKnownFileType = sourcecode.swift; path = AppDelegate.swift; sourceTree = "<group>"; };
		C51173C325C0C60300A256F3 /* SceneDelegate.swift */ = {isa = PBXFileReference; lastKnownFileType = sourcecode.swift; path = SceneDelegate.swift; sourceTree = "<group>"; };
		C51173CA25C0C60400A256F3 /* Assets.xcassets */ = {isa = PBXFileReference; lastKnownFileType = folder.assetcatalog; path = Assets.xcassets; sourceTree = "<group>"; };
		C51173CD25C0C60400A256F3 /* Base */ = {isa = PBXFileReference; lastKnownFileType = file.storyboard; name = Base; path = Base.lproj/LaunchScreen.storyboard; sourceTree = "<group>"; };
		C51173CF25C0C60400A256F3 /* Info.plist */ = {isa = PBXFileReference; lastKnownFileType = text.plist.xml; path = Info.plist; sourceTree = "<group>"; };
		C51173D425C0C60400A256F3 /* TwitterFakeAppTests.xctest */ = {isa = PBXFileReference; explicitFileType = wrapper.cfbundle; includeInIndex = 0; path = TwitterFakeAppTests.xctest; sourceTree = BUILT_PRODUCTS_DIR; };
		C51173D825C0C60400A256F3 /* TwitterFakeAppTests.swift */ = {isa = PBXFileReference; lastKnownFileType = sourcecode.swift; path = TwitterFakeAppTests.swift; sourceTree = "<group>"; };
		C51173DA25C0C60400A256F3 /* Info.plist */ = {isa = PBXFileReference; lastKnownFileType = text.plist.xml; path = Info.plist; sourceTree = "<group>"; };
		C51173DF25C0C60400A256F3 /* TwitterFakeAppUITests.xctest */ = {isa = PBXFileReference; explicitFileType = wrapper.cfbundle; includeInIndex = 0; path = TwitterFakeAppUITests.xctest; sourceTree = BUILT_PRODUCTS_DIR; };
		C51173E325C0C60400A256F3 /* TwitterFakeAppUITests.swift */ = {isa = PBXFileReference; lastKnownFileType = sourcecode.swift; path = TwitterFakeAppUITests.swift; sourceTree = "<group>"; };
		C51173E525C0C60400A256F3 /* Info.plist */ = {isa = PBXFileReference; lastKnownFileType = text.plist.xml; path = Info.plist; sourceTree = "<group>"; };
		C51173FA25C0C7BE00A256F3 /* BaseViewController.swift */ = {isa = PBXFileReference; lastKnownFileType = sourcecode.swift; path = BaseViewController.swift; sourceTree = "<group>"; };
		C51173FF25C0C7FE00A256F3 /* BasePresenter.swift */ = {isa = PBXFileReference; lastKnownFileType = sourcecode.swift; path = BasePresenter.swift; sourceTree = "<group>"; };
		C511740525C0C8A400A256F3 /* LoginViewController.swift */ = {isa = PBXFileReference; lastKnownFileType = sourcecode.swift; path = LoginViewController.swift; sourceTree = "<group>"; };
		C511740A25C0C8B600A256F3 /* LoginPresenter.swift */ = {isa = PBXFileReference; lastKnownFileType = sourcecode.swift; path = LoginPresenter.swift; sourceTree = "<group>"; };
		C511740F25C0C8C900A256F3 /* LoginModels.swift */ = {isa = PBXFileReference; lastKnownFileType = sourcecode.swift; path = LoginModels.swift; sourceTree = "<group>"; };
		C511741425C0CA0F00A256F3 /* Login.storyboard */ = {isa = PBXFileReference; lastKnownFileType = file.storyboard; path = Login.storyboard; sourceTree = "<group>"; };
		C511743C25C202C500A256F3 /* LoginService.swift */ = {isa = PBXFileReference; lastKnownFileType = sourcecode.swift; path = LoginService.swift; sourceTree = "<group>"; };
		C511744425C203B100A256F3 /* ServiceResult.swift */ = {isa = PBXFileReference; lastKnownFileType = sourcecode.swift; path = ServiceResult.swift; sourceTree = "<group>"; };
		C511744C25C204C900A256F3 /* LoginServiceMock.swift */ = {isa = PBXFileReference; lastKnownFileType = sourcecode.swift; path = LoginServiceMock.swift; sourceTree = "<group>"; };
		C511745125C218B900A256F3 /* SceneName.swift */ = {isa = PBXFileReference; lastKnownFileType = sourcecode.swift; path = SceneName.swift; sourceTree = "<group>"; };
		C511745B25C2213000A256F3 /* Dashboard.storyboard */ = {isa = PBXFileReference; lastKnownFileType = file.storyboard; path = Dashboard.storyboard; sourceTree = "<group>"; };
		C511746025C2215000A256F3 /* DashboardViewController.swift */ = {isa = PBXFileReference; lastKnownFileType = sourcecode.swift; path = DashboardViewController.swift; sourceTree = "<group>"; };
		C511746525C22AF200A256F3 /* RoundedButton.swift */ = {isa = PBXFileReference; lastKnownFileType = sourcecode.swift; path = RoundedButton.swift; sourceTree = "<group>"; };
		C511746B25C2302800A256F3 /* Loading.storyboard */ = {isa = PBXFileReference; lastKnownFileType = file.storyboard; path = Loading.storyboard; sourceTree = "<group>"; };
		C511747425C5E9EA00A256F3 /* Main.storyboard */ = {isa = PBXFileReference; lastKnownFileType = file.storyboard; path = Main.storyboard; sourceTree = "<group>"; };
		C511747925C5EDD200A256F3 /* MainViewController.swift */ = {isa = PBXFileReference; lastKnownFileType = sourcecode.swift; path = MainViewController.swift; sourceTree = "<group>"; };
		C511747E25C5EF0B00A256F3 /* MainPresenter.swift */ = {isa = PBXFileReference; lastKnownFileType = sourcecode.swift; path = MainPresenter.swift; sourceTree = "<group>"; };
		C511748525C5FF1800A256F3 /* TweetTableViewCell.swift */ = {isa = PBXFileReference; lastKnownFileType = sourcecode.swift; path = TweetTableViewCell.swift; sourceTree = "<group>"; };
		C511748625C5FF1800A256F3 /* TweetTableViewCell.xib */ = {isa = PBXFileReference; lastKnownFileType = file.xib; path = TweetTableViewCell.xib; sourceTree = "<group>"; };
		C511748F25C5FFBE00A256F3 /* DashboardPresenter.swift */ = {isa = PBXFileReference; lastKnownFileType = sourcecode.swift; path = DashboardPresenter.swift; sourceTree = "<group>"; };
		C511749525C61C0B00A256F3 /* SocialBarView.swift */ = {isa = PBXFileReference; lastKnownFileType = sourcecode.swift; path = SocialBarView.swift; sourceTree = "<group>"; };
		C511749A25C61C2000A256F3 /* SocialBarView.xib */ = {isa = PBXFileReference; lastKnownFileType = file.xib; path = SocialBarView.xib; sourceTree = "<group>"; };
		C51174A225C6305000A256F3 /* DashboardModels.swift */ = {isa = PBXFileReference; lastKnownFileType = sourcecode.swift; path = DashboardModels.swift; sourceTree = "<group>"; };
		C51174A825C633A100A256F3 /* DashboardService.swift */ = {isa = PBXFileReference; lastKnownFileType = sourcecode.swift; path = DashboardService.swift; sourceTree = "<group>"; };
		C51174B025C633AC00A256F3 /* DashboardServiceMock.swift */ = {isa = PBXFileReference; lastKnownFileType = sourcecode.swift; path = DashboardServiceMock.swift; sourceTree = "<group>"; };
		C51174B625C6346F00A256F3 /* Tweet.swift */ = {isa = PBXFileReference; lastKnownFileType = sourcecode.swift; path = Tweet.swift; sourceTree = "<group>"; };
		C51174BB25C634F500A256F3 /* SimpleUser.swift */ = {isa = PBXFileReference; lastKnownFileType = sourcecode.swift; path = SimpleUser.swift; sourceTree = "<group>"; };
		C51174C025C635B400A256F3 /* Pagination.swift */ = {isa = PBXFileReference; lastKnownFileType = sourcecode.swift; path = Pagination.swift; sourceTree = "<group>"; };
		C51174C625C7044600A256F3 /* LoadingTableViewCell.swift */ = {isa = PBXFileReference; lastKnownFileType = sourcecode.swift; path = LoadingTableViewCell.swift; sourceTree = "<group>"; };
		C51174C725C7044600A256F3 /* LoadingTableViewCell.xib */ = {isa = PBXFileReference; lastKnownFileType = file.xib; path = LoadingTableViewCell.xib; sourceTree = "<group>"; };
		C5E12F7F25C722C500DAC86B /* PaddingLabel.swift */ = {isa = PBXFileReference; lastKnownFileType = sourcecode.swift; path = PaddingLabel.swift; sourceTree = "<group>"; };
		C5E12F8825C7252800DAC86B /* SideMenu.storyboard */ = {isa = PBXFileReference; lastKnownFileType = file.storyboard; path = SideMenu.storyboard; sourceTree = "<group>"; };
/* End PBXFileReference section */

/* Begin PBXFrameworksBuildPhase section */
		C51173BB25C0C60300A256F3 /* Frameworks */ = {
			isa = PBXFrameworksBuildPhase;
			buildActionMask = 2147483647;
			files = (
			);
			runOnlyForDeploymentPostprocessing = 0;
		};
		C51173D125C0C60400A256F3 /* Frameworks */ = {
			isa = PBXFrameworksBuildPhase;
			buildActionMask = 2147483647;
			files = (
			);
			runOnlyForDeploymentPostprocessing = 0;
		};
		C51173DC25C0C60400A256F3 /* Frameworks */ = {
			isa = PBXFrameworksBuildPhase;
			buildActionMask = 2147483647;
			files = (
			);
			runOnlyForDeploymentPostprocessing = 0;
		};
/* End PBXFrameworksBuildPhase section */

/* Begin PBXGroup section */
		C51173B525C0C60300A256F3 = {
			isa = PBXGroup;
			children = (
				C51173C025C0C60300A256F3 /* TwitterFakeApp */,
				C51173D725C0C60400A256F3 /* TwitterFakeAppTests */,
				C51173E225C0C60400A256F3 /* TwitterFakeAppUITests */,
				C51173BF25C0C60300A256F3 /* Products */,
			);
			sourceTree = "<group>";
		};
		C51173BF25C0C60300A256F3 /* Products */ = {
			isa = PBXGroup;
			children = (
				C51173BE25C0C60300A256F3 /* TwitterFakeApp.app */,
				C51173D425C0C60400A256F3 /* TwitterFakeAppTests.xctest */,
				C51173DF25C0C60400A256F3 /* TwitterFakeAppUITests.xctest */,
			);
			name = Products;
			sourceTree = "<group>";
		};
		C51173C025C0C60300A256F3 /* TwitterFakeApp */ = {
			isa = PBXGroup;
			children = (
				C51173C125C0C60300A256F3 /* AppDelegate.swift */,
				C51173C325C0C60300A256F3 /* SceneDelegate.swift */,
				C51173F425C0C74A00A256F3 /* Scenes */,
				C511745925C2203300A256F3 /* Components */,
				C511743A25C2028600A256F3 /* Services */,
				C51174B525C6345800A256F3 /* Models */,
				C511742625C0CC0E00A256F3 /* Utils */,
				C51173CA25C0C60400A256F3 /* Assets.xcassets */,
				C51173CF25C0C60400A256F3 /* Info.plist */,
			);
			path = TwitterFakeApp;
			sourceTree = "<group>";
		};
		C51173D725C0C60400A256F3 /* TwitterFakeAppTests */ = {
			isa = PBXGroup;
			children = (
				C51173D825C0C60400A256F3 /* TwitterFakeAppTests.swift */,
				C51173DA25C0C60400A256F3 /* Info.plist */,
			);
			path = TwitterFakeAppTests;
			sourceTree = "<group>";
		};
		C51173E225C0C60400A256F3 /* TwitterFakeAppUITests */ = {
			isa = PBXGroup;
			children = (
				C51173E325C0C60400A256F3 /* TwitterFakeAppUITests.swift */,
				C51173E525C0C60400A256F3 /* Info.plist */,
			);
			path = TwitterFakeAppUITests;
			sourceTree = "<group>";
		};
		C51173F425C0C74A00A256F3 /* Scenes */ = {
			isa = PBXGroup;
			children = (
				C511745125C218B900A256F3 /* SceneName.swift */,
				C51173F825C0C77C00A256F3 /* Base */,
				C511741C25C0CB2A00A256F3 /* LaunchScreen */,
				C511746A25C2300600A256F3 /* Loading */,
				C511747025C5E52400A256F3 /* Main */,
				C5E12F8725C724FB00DAC86B /* SideMenu */,
				C511740425C0C87700A256F3 /* Login */,
				C511745A25C2207500A256F3 /* Dashboard */,
			);
			path = Scenes;
			sourceTree = "<group>";
		};
		C51173F825C0C77C00A256F3 /* Base */ = {
			isa = PBXGroup;
			children = (
				C51173FA25C0C7BE00A256F3 /* BaseViewController.swift */,
				C51173FF25C0C7FE00A256F3 /* BasePresenter.swift */,
			);
			path = Base;
			sourceTree = "<group>";
		};
		C511740425C0C87700A256F3 /* Login */ = {
			isa = PBXGroup;
			children = (
				C511741425C0CA0F00A256F3 /* Login.storyboard */,
				C511740525C0C8A400A256F3 /* LoginViewController.swift */,
				C511740A25C0C8B600A256F3 /* LoginPresenter.swift */,
				C511740F25C0C8C900A256F3 /* LoginModels.swift */,
			);
			path = Login;
			sourceTree = "<group>";
		};
		C511741C25C0CB2A00A256F3 /* LaunchScreen */ = {
			isa = PBXGroup;
			children = (
				C51173CC25C0C60400A256F3 /* LaunchScreen.storyboard */,
			);
			path = LaunchScreen;
			sourceTree = "<group>";
		};
		C511742625C0CC0E00A256F3 /* Utils */ = {
			isa = PBXGroup;
			children = (
			);
			path = Utils;
			sourceTree = "<group>";
		};
		C511743A25C2028600A256F3 /* Services */ = {
			isa = PBXGroup;
			children = (
				C511744425C203B100A256F3 /* ServiceResult.swift */,
				C511743B25C2029C00A256F3 /* Login */,
				C51174A725C6335800A256F3 /* Dashboard */,
			);
			path = Services;
			sourceTree = "<group>";
		};
		C511743B25C2029C00A256F3 /* Login */ = {
			isa = PBXGroup;
			children = (
				C511743C25C202C500A256F3 /* LoginService.swift */,
				C511744C25C204C900A256F3 /* LoginServiceMock.swift */,
			);
			path = Login;
			sourceTree = "<group>";
		};
		C511745925C2203300A256F3 /* Components */ = {
			isa = PBXGroup;
			children = (
				C511748425C5FED400A256F3 /* RoundedButton */,
				C5E12F7F25C722C500DAC86B /* PaddingLabel.swift */,
				C511748325C5FEB500A256F3 /* TweetCell */,
				C511749425C61BE200A256F3 /* SocialBar */,
				C51174C525C703EE00A256F3 /* LoadingCell */,
			);
			path = Components;
			sourceTree = "<group>";
		};
		C511745A25C2207500A256F3 /* Dashboard */ = {
			isa = PBXGroup;
			children = (
				C511745B25C2213000A256F3 /* Dashboard.storyboard */,
				C511746025C2215000A256F3 /* DashboardViewController.swift */,
				C511748F25C5FFBE00A256F3 /* DashboardPresenter.swift */,
				C51174A225C6305000A256F3 /* DashboardModels.swift */,
			);
			path = Dashboard;
			sourceTree = "<group>";
		};
		C511746A25C2300600A256F3 /* Loading */ = {
			isa = PBXGroup;
			children = (
				C511746B25C2302800A256F3 /* Loading.storyboard */,
			);
			path = Loading;
			sourceTree = "<group>";
		};
		C511747025C5E52400A256F3 /* Main */ = {
			isa = PBXGroup;
			children = (
				C511747425C5E9EA00A256F3 /* Main.storyboard */,
				C511747925C5EDD200A256F3 /* MainViewController.swift */,
				C511747E25C5EF0B00A256F3 /* MainPresenter.swift */,
			);
			path = Main;
			sourceTree = "<group>";
		};
		C511748325C5FEB500A256F3 /* TweetCell */ = {
			isa = PBXGroup;
			children = (
				C511748625C5FF1800A256F3 /* TweetTableViewCell.xib */,
				C511748525C5FF1800A256F3 /* TweetTableViewCell.swift */,
			);
			path = TweetCell;
			sourceTree = "<group>";
		};
		C511748425C5FED400A256F3 /* RoundedButton */ = {
			isa = PBXGroup;
			children = (
				C511746525C22AF200A256F3 /* RoundedButton.swift */,
			);
			path = RoundedButton;
			sourceTree = "<group>";
		};
		C511749425C61BE200A256F3 /* SocialBar */ = {
			isa = PBXGroup;
			children = (
				C511749A25C61C2000A256F3 /* SocialBarView.xib */,
				C511749525C61C0B00A256F3 /* SocialBarView.swift */,
			);
			path = SocialBar;
			sourceTree = "<group>";
		};
		C51174A725C6335800A256F3 /* Dashboard */ = {
			isa = PBXGroup;
			children = (
				C51174A825C633A100A256F3 /* DashboardService.swift */,
				C51174B025C633AC00A256F3 /* DashboardServiceMock.swift */,
			);
			path = Dashboard;
			sourceTree = "<group>";
		};
		C51174B525C6345800A256F3 /* Models */ = {
			isa = PBXGroup;
			children = (
				C51174B625C6346F00A256F3 /* Tweet.swift */,
				C51174BB25C634F500A256F3 /* SimpleUser.swift */,
				C51174C025C635B400A256F3 /* Pagination.swift */,
			);
			path = Models;
			sourceTree = "<group>";
		};
		C51174C525C703EE00A256F3 /* LoadingCell */ = {
			isa = PBXGroup;
			children = (
				C51174C725C7044600A256F3 /* LoadingTableViewCell.xib */,
				C51174C625C7044600A256F3 /* LoadingTableViewCell.swift */,
			);
			path = LoadingCell;
			sourceTree = "<group>";
		};
		C5E12F8725C724FB00DAC86B /* SideMenu */ = {
			isa = PBXGroup;
			children = (
				C5E12F8825C7252800DAC86B /* SideMenu.storyboard */,
			);
			path = SideMenu;
			sourceTree = "<group>";
		};
/* End PBXGroup section */

/* Begin PBXNativeTarget section */
		C51173BD25C0C60300A256F3 /* TwitterFakeApp */ = {
			isa = PBXNativeTarget;
			buildConfigurationList = C51173E825C0C60400A256F3 /* Build configuration list for PBXNativeTarget "TwitterFakeApp" */;
			buildPhases = (
				C51173BA25C0C60300A256F3 /* Sources */,
				C51173BB25C0C60300A256F3 /* Frameworks */,
				C51173BC25C0C60300A256F3 /* Resources */,
			);
			buildRules = (
			);
			dependencies = (
			);
			name = TwitterFakeApp;
			productName = TwitterFakeApp;
			productReference = C51173BE25C0C60300A256F3 /* TwitterFakeApp.app */;
			productType = "com.apple.product-type.application";
		};
		C51173D325C0C60400A256F3 /* TwitterFakeAppTests */ = {
			isa = PBXNativeTarget;
			buildConfigurationList = C51173EB25C0C60400A256F3 /* Build configuration list for PBXNativeTarget "TwitterFakeAppTests" */;
			buildPhases = (
				C51173D025C0C60400A256F3 /* Sources */,
				C51173D125C0C60400A256F3 /* Frameworks */,
				C51173D225C0C60400A256F3 /* Resources */,
			);
			buildRules = (
			);
			dependencies = (
				C51173D625C0C60400A256F3 /* PBXTargetDependency */,
			);
			name = TwitterFakeAppTests;
			productName = TwitterFakeAppTests;
			productReference = C51173D425C0C60400A256F3 /* TwitterFakeAppTests.xctest */;
			productType = "com.apple.product-type.bundle.unit-test";
		};
		C51173DE25C0C60400A256F3 /* TwitterFakeAppUITests */ = {
			isa = PBXNativeTarget;
			buildConfigurationList = C51173EE25C0C60400A256F3 /* Build configuration list for PBXNativeTarget "TwitterFakeAppUITests" */;
			buildPhases = (
				C51173DB25C0C60400A256F3 /* Sources */,
				C51173DC25C0C60400A256F3 /* Frameworks */,
				C51173DD25C0C60400A256F3 /* Resources */,
			);
			buildRules = (
			);
			dependencies = (
				C51173E125C0C60400A256F3 /* PBXTargetDependency */,
			);
			name = TwitterFakeAppUITests;
			productName = TwitterFakeAppUITests;
			productReference = C51173DF25C0C60400A256F3 /* TwitterFakeAppUITests.xctest */;
			productType = "com.apple.product-type.bundle.ui-testing";
		};
/* End PBXNativeTarget section */

/* Begin PBXProject section */
		C51173B625C0C60300A256F3 /* Project object */ = {
			isa = PBXProject;
			attributes = {
				LastSwiftUpdateCheck = 1230;
				LastUpgradeCheck = 1230;
				TargetAttributes = {
					C51173BD25C0C60300A256F3 = {
						CreatedOnToolsVersion = 12.3;
					};
					C51173D325C0C60400A256F3 = {
						CreatedOnToolsVersion = 12.3;
						TestTargetID = C51173BD25C0C60300A256F3;
					};
					C51173DE25C0C60400A256F3 = {
						CreatedOnToolsVersion = 12.3;
						TestTargetID = C51173BD25C0C60300A256F3;
					};
				};
			};
			buildConfigurationList = C51173B925C0C60300A256F3 /* Build configuration list for PBXProject "TwitterFakeApp" */;
			compatibilityVersion = "Xcode 9.3";
			developmentRegion = en;
			hasScannedForEncodings = 0;
			knownRegions = (
				en,
				Base,
			);
			mainGroup = C51173B525C0C60300A256F3;
			productRefGroup = C51173BF25C0C60300A256F3 /* Products */;
			projectDirPath = "";
			projectRoot = "";
			targets = (
				C51173BD25C0C60300A256F3 /* TwitterFakeApp */,
				C51173D325C0C60400A256F3 /* TwitterFakeAppTests */,
				C51173DE25C0C60400A256F3 /* TwitterFakeAppUITests */,
			);
		};
/* End PBXProject section */

/* Begin PBXResourcesBuildPhase section */
		C51173BC25C0C60300A256F3 /* Resources */ = {
			isa = PBXResourcesBuildPhase;
			buildActionMask = 2147483647;
			files = (
				C511741525C0CA0F00A256F3 /* Login.storyboard in Resources */,
				C51173CE25C0C60400A256F3 /* LaunchScreen.storyboard in Resources */,
				C511748825C5FF1800A256F3 /* TweetTableViewCell.xib in Resources */,
				C51174C925C7044600A256F3 /* LoadingTableViewCell.xib in Resources */,
				C51173CB25C0C60400A256F3 /* Assets.xcassets in Resources */,
				C511747525C5E9EA00A256F3 /* Main.storyboard in Resources */,
				C5E12F8925C7252800DAC86B /* SideMenu.storyboard in Resources */,
				C511749B25C61C2000A256F3 /* SocialBarView.xib in Resources */,
				C511746C25C2302800A256F3 /* Loading.storyboard in Resources */,
				C511745C25C2213000A256F3 /* Dashboard.storyboard in Resources */,
			);
			runOnlyForDeploymentPostprocessing = 0;
		};
		C51173D225C0C60400A256F3 /* Resources */ = {
			isa = PBXResourcesBuildPhase;
			buildActionMask = 2147483647;
			files = (
			);
			runOnlyForDeploymentPostprocessing = 0;
		};
		C51173DD25C0C60400A256F3 /* Resources */ = {
			isa = PBXResourcesBuildPhase;
			buildActionMask = 2147483647;
			files = (
			);
			runOnlyForDeploymentPostprocessing = 0;
		};
/* End PBXResourcesBuildPhase section */

/* Begin PBXSourcesBuildPhase section */
		C51173BA25C0C60300A256F3 /* Sources */ = {
			isa = PBXSourcesBuildPhase;
			buildActionMask = 2147483647;
			files = (
				C511740625C0C8A400A256F3 /* LoginViewController.swift in Sources */,
				C511741025C0C8C900A256F3 /* LoginModels.swift in Sources */,
				C511749025C5FFBE00A256F3 /* DashboardPresenter.swift in Sources */,
				C511740B25C0C8B600A256F3 /* LoginPresenter.swift in Sources */,
				C51174B125C633AC00A256F3 /* DashboardServiceMock.swift in Sources */,
				C511740025C0C7FE00A256F3 /* BasePresenter.swift in Sources */,
				C511749625C61C0B00A256F3 /* SocialBarView.swift in Sources */,
				C51173FB25C0C7BE00A256F3 /* BaseViewController.swift in Sources */,
				C511744525C203B100A256F3 /* ServiceResult.swift in Sources */,
				C51173C225C0C60300A256F3 /* AppDelegate.swift in Sources */,
				C5E12F8025C722C500DAC86B /* PaddingLabel.swift in Sources */,
				C51174C825C7044600A256F3 /* LoadingTableViewCell.swift in Sources */,
				C511747A25C5EDD200A256F3 /* MainViewController.swift in Sources */,
				C511746125C2215000A256F3 /* DashboardViewController.swift in Sources */,
				C511744D25C204C900A256F3 /* LoginServiceMock.swift in Sources */,
				C51174A325C6305000A256F3 /* DashboardModels.swift in Sources */,
				C511747F25C5EF0B00A256F3 /* MainPresenter.swift in Sources */,
				C51174BC25C634F500A256F3 /* SimpleUser.swift in Sources */,
				C511745225C218B900A256F3 /* SceneName.swift in Sources */,
				C51173C425C0C60300A256F3 /* SceneDelegate.swift in Sources */,
				C511743D25C202C500A256F3 /* LoginService.swift in Sources */,
				C511746625C22AF200A256F3 /* RoundedButton.swift in Sources */,
				C51174A925C633A100A256F3 /* DashboardService.swift in Sources */,
				C51174C125C635B400A256F3 /* Pagination.swift in Sources */,
				C511748725C5FF1800A256F3 /* TweetTableViewCell.swift in Sources */,
				C51174B725C6346F00A256F3 /* Tweet.swift in Sources */,
			);
			runOnlyForDeploymentPostprocessing = 0;
		};
		C51173D025C0C60400A256F3 /* Sources */ = {
			isa = PBXSourcesBuildPhase;
			buildActionMask = 2147483647;
			files = (
				C51173D925C0C60400A256F3 /* TwitterFakeAppTests.swift in Sources */,
			);
			runOnlyForDeploymentPostprocessing = 0;
		};
		C51173DB25C0C60400A256F3 /* Sources */ = {
			isa = PBXSourcesBuildPhase;
			buildActionMask = 2147483647;
			files = (
				C51173E425C0C60400A256F3 /* TwitterFakeAppUITests.swift in Sources */,
			);
			runOnlyForDeploymentPostprocessing = 0;
		};
/* End PBXSourcesBuildPhase section */

/* Begin PBXTargetDependency section */
		C51173D625C0C60400A256F3 /* PBXTargetDependency */ = {
			isa = PBXTargetDependency;
			target = C51173BD25C0C60300A256F3 /* TwitterFakeApp */;
			targetProxy = C51173D525C0C60400A256F3 /* PBXContainerItemProxy */;
		};
		C51173E125C0C60400A256F3 /* PBXTargetDependency */ = {
			isa = PBXTargetDependency;
			target = C51173BD25C0C60300A256F3 /* TwitterFakeApp */;
			targetProxy = C51173E025C0C60400A256F3 /* PBXContainerItemProxy */;
		};
/* End PBXTargetDependency section */

/* Begin PBXVariantGroup section */
		C51173CC25C0C60400A256F3 /* LaunchScreen.storyboard */ = {
			isa = PBXVariantGroup;
			children = (
				C51173CD25C0C60400A256F3 /* Base */,
			);
			name = LaunchScreen.storyboard;
			sourceTree = "<group>";
		};
/* End PBXVariantGroup section */

/* Begin XCBuildConfiguration section */
		C51173E625C0C60400A256F3 /* Debug */ = {
			isa = XCBuildConfiguration;
			buildSettings = {
				ALWAYS_SEARCH_USER_PATHS = NO;
				CLANG_ANALYZER_NONNULL = YES;
				CLANG_ANALYZER_NUMBER_OBJECT_CONVERSION = YES_AGGRESSIVE;
				CLANG_CXX_LANGUAGE_STANDARD = "gnu++14";
				CLANG_CXX_LIBRARY = "libc++";
				CLANG_ENABLE_MODULES = YES;
				CLANG_ENABLE_OBJC_ARC = YES;
				CLANG_ENABLE_OBJC_WEAK = YES;
				CLANG_WARN_BLOCK_CAPTURE_AUTORELEASING = YES;
				CLANG_WARN_BOOL_CONVERSION = YES;
				CLANG_WARN_COMMA = YES;
				CLANG_WARN_CONSTANT_CONVERSION = YES;
				CLANG_WARN_DEPRECATED_OBJC_IMPLEMENTATIONS = YES;
				CLANG_WARN_DIRECT_OBJC_ISA_USAGE = YES_ERROR;
				CLANG_WARN_DOCUMENTATION_COMMENTS = YES;
				CLANG_WARN_EMPTY_BODY = YES;
				CLANG_WARN_ENUM_CONVERSION = YES;
				CLANG_WARN_INFINITE_RECURSION = YES;
				CLANG_WARN_INT_CONVERSION = YES;
				CLANG_WARN_NON_LITERAL_NULL_CONVERSION = YES;
				CLANG_WARN_OBJC_IMPLICIT_RETAIN_SELF = YES;
				CLANG_WARN_OBJC_LITERAL_CONVERSION = YES;
				CLANG_WARN_OBJC_ROOT_CLASS = YES_ERROR;
				CLANG_WARN_QUOTED_INCLUDE_IN_FRAMEWORK_HEADER = YES;
				CLANG_WARN_RANGE_LOOP_ANALYSIS = YES;
				CLANG_WARN_STRICT_PROTOTYPES = YES;
				CLANG_WARN_SUSPICIOUS_MOVE = YES;
				CLANG_WARN_UNGUARDED_AVAILABILITY = YES_AGGRESSIVE;
				CLANG_WARN_UNREACHABLE_CODE = YES;
				CLANG_WARN__DUPLICATE_METHOD_MATCH = YES;
				COPY_PHASE_STRIP = NO;
				DEBUG_INFORMATION_FORMAT = dwarf;
				ENABLE_STRICT_OBJC_MSGSEND = YES;
				ENABLE_TESTABILITY = YES;
				GCC_C_LANGUAGE_STANDARD = gnu11;
				GCC_DYNAMIC_NO_PIC = NO;
				GCC_NO_COMMON_BLOCKS = YES;
				GCC_OPTIMIZATION_LEVEL = 0;
				GCC_PREPROCESSOR_DEFINITIONS = (
					"DEBUG=1",
					"$(inherited)",
				);
				GCC_WARN_64_TO_32_BIT_CONVERSION = YES;
				GCC_WARN_ABOUT_RETURN_TYPE = YES_ERROR;
				GCC_WARN_UNDECLARED_SELECTOR = YES;
				GCC_WARN_UNINITIALIZED_AUTOS = YES_AGGRESSIVE;
				GCC_WARN_UNUSED_FUNCTION = YES;
				GCC_WARN_UNUSED_VARIABLE = YES;
				IPHONEOS_DEPLOYMENT_TARGET = 14.3;
				MTL_ENABLE_DEBUG_INFO = INCLUDE_SOURCE;
				MTL_FAST_MATH = YES;
				ONLY_ACTIVE_ARCH = YES;
				SDKROOT = iphoneos;
				SWIFT_ACTIVE_COMPILATION_CONDITIONS = DEBUG;
				SWIFT_OPTIMIZATION_LEVEL = "-Onone";
			};
			name = Debug;
		};
		C51173E725C0C60400A256F3 /* Release */ = {
			isa = XCBuildConfiguration;
			buildSettings = {
				ALWAYS_SEARCH_USER_PATHS = NO;
				CLANG_ANALYZER_NONNULL = YES;
				CLANG_ANALYZER_NUMBER_OBJECT_CONVERSION = YES_AGGRESSIVE;
				CLANG_CXX_LANGUAGE_STANDARD = "gnu++14";
				CLANG_CXX_LIBRARY = "libc++";
				CLANG_ENABLE_MODULES = YES;
				CLANG_ENABLE_OBJC_ARC = YES;
				CLANG_ENABLE_OBJC_WEAK = YES;
				CLANG_WARN_BLOCK_CAPTURE_AUTORELEASING = YES;
				CLANG_WARN_BOOL_CONVERSION = YES;
				CLANG_WARN_COMMA = YES;
				CLANG_WARN_CONSTANT_CONVERSION = YES;
				CLANG_WARN_DEPRECATED_OBJC_IMPLEMENTATIONS = YES;
				CLANG_WARN_DIRECT_OBJC_ISA_USAGE = YES_ERROR;
				CLANG_WARN_DOCUMENTATION_COMMENTS = YES;
				CLANG_WARN_EMPTY_BODY = YES;
				CLANG_WARN_ENUM_CONVERSION = YES;
				CLANG_WARN_INFINITE_RECURSION = YES;
				CLANG_WARN_INT_CONVERSION = YES;
				CLANG_WARN_NON_LITERAL_NULL_CONVERSION = YES;
				CLANG_WARN_OBJC_IMPLICIT_RETAIN_SELF = YES;
				CLANG_WARN_OBJC_LITERAL_CONVERSION = YES;
				CLANG_WARN_OBJC_ROOT_CLASS = YES_ERROR;
				CLANG_WARN_QUOTED_INCLUDE_IN_FRAMEWORK_HEADER = YES;
				CLANG_WARN_RANGE_LOOP_ANALYSIS = YES;
				CLANG_WARN_STRICT_PROTOTYPES = YES;
				CLANG_WARN_SUSPICIOUS_MOVE = YES;
				CLANG_WARN_UNGUARDED_AVAILABILITY = YES_AGGRESSIVE;
				CLANG_WARN_UNREACHABLE_CODE = YES;
				CLANG_WARN__DUPLICATE_METHOD_MATCH = YES;
				COPY_PHASE_STRIP = NO;
				DEBUG_INFORMATION_FORMAT = "dwarf-with-dsym";
				ENABLE_NS_ASSERTIONS = NO;
				ENABLE_STRICT_OBJC_MSGSEND = YES;
				GCC_C_LANGUAGE_STANDARD = gnu11;
				GCC_NO_COMMON_BLOCKS = YES;
				GCC_WARN_64_TO_32_BIT_CONVERSION = YES;
				GCC_WARN_ABOUT_RETURN_TYPE = YES_ERROR;
				GCC_WARN_UNDECLARED_SELECTOR = YES;
				GCC_WARN_UNINITIALIZED_AUTOS = YES_AGGRESSIVE;
				GCC_WARN_UNUSED_FUNCTION = YES;
				GCC_WARN_UNUSED_VARIABLE = YES;
				IPHONEOS_DEPLOYMENT_TARGET = 14.3;
				MTL_ENABLE_DEBUG_INFO = NO;
				MTL_FAST_MATH = YES;
				SDKROOT = iphoneos;
				SWIFT_COMPILATION_MODE = wholemodule;
				SWIFT_OPTIMIZATION_LEVEL = "-O";
				VALIDATE_PRODUCT = YES;
			};
			name = Release;
		};
		C51173E925C0C60400A256F3 /* Debug */ = {
			isa = XCBuildConfiguration;
			buildSettings = {
				ASSETCATALOG_COMPILER_APPICON_NAME = AppIcon;
				ASSETCATALOG_COMPILER_GLOBAL_ACCENT_COLOR_NAME = AccentColor;
				CODE_SIGN_STYLE = Automatic;
				INFOPLIST_FILE = TwitterFakeApp/Info.plist;
				LD_RUNPATH_SEARCH_PATHS = (
					"$(inherited)",
					"@executable_path/Frameworks",
				);
				PRODUCT_BUNDLE_IDENTIFIER = com.adriangjorge.TwitterFakeApp;
				PRODUCT_NAME = "$(TARGET_NAME)";
				SWIFT_VERSION = 5.0;
				TARGETED_DEVICE_FAMILY = "1,2";
			};
			name = Debug;
		};
		C51173EA25C0C60400A256F3 /* Release */ = {
			isa = XCBuildConfiguration;
			buildSettings = {
				ASSETCATALOG_COMPILER_APPICON_NAME = AppIcon;
				ASSETCATALOG_COMPILER_GLOBAL_ACCENT_COLOR_NAME = AccentColor;
				CODE_SIGN_STYLE = Automatic;
				INFOPLIST_FILE = TwitterFakeApp/Info.plist;
				LD_RUNPATH_SEARCH_PATHS = (
					"$(inherited)",
					"@executable_path/Frameworks",
				);
				PRODUCT_BUNDLE_IDENTIFIER = com.adriangjorge.TwitterFakeApp;
				PRODUCT_NAME = "$(TARGET_NAME)";
				SWIFT_VERSION = 5.0;
				TARGETED_DEVICE_FAMILY = "1,2";
			};
			name = Release;
		};
		C51173EC25C0C60400A256F3 /* Debug */ = {
			isa = XCBuildConfiguration;
			buildSettings = {
				ALWAYS_EMBED_SWIFT_STANDARD_LIBRARIES = YES;
				BUNDLE_LOADER = "$(TEST_HOST)";
				CODE_SIGN_STYLE = Automatic;
				INFOPLIST_FILE = TwitterFakeAppTests/Info.plist;
				IPHONEOS_DEPLOYMENT_TARGET = 14.3;
				LD_RUNPATH_SEARCH_PATHS = (
					"$(inherited)",
					"@executable_path/Frameworks",
					"@loader_path/Frameworks",
				);
				PRODUCT_BUNDLE_IDENTIFIER = com.adriangjorge.TwitterFakeAppTests;
				PRODUCT_NAME = "$(TARGET_NAME)";
				SWIFT_VERSION = 5.0;
				TARGETED_DEVICE_FAMILY = "1,2";
				TEST_HOST = "$(BUILT_PRODUCTS_DIR)/TwitterFakeApp.app/TwitterFakeApp";
			};
			name = Debug;
		};
		C51173ED25C0C60400A256F3 /* Release */ = {
			isa = XCBuildConfiguration;
			buildSettings = {
				ALWAYS_EMBED_SWIFT_STANDARD_LIBRARIES = YES;
				BUNDLE_LOADER = "$(TEST_HOST)";
				CODE_SIGN_STYLE = Automatic;
				INFOPLIST_FILE = TwitterFakeAppTests/Info.plist;
				IPHONEOS_DEPLOYMENT_TARGET = 14.3;
				LD_RUNPATH_SEARCH_PATHS = (
					"$(inherited)",
					"@executable_path/Frameworks",
					"@loader_path/Frameworks",
				);
				PRODUCT_BUNDLE_IDENTIFIER = com.adriangjorge.TwitterFakeAppTests;
				PRODUCT_NAME = "$(TARGET_NAME)";
				SWIFT_VERSION = 5.0;
				TARGETED_DEVICE_FAMILY = "1,2";
				TEST_HOST = "$(BUILT_PRODUCTS_DIR)/TwitterFakeApp.app/TwitterFakeApp";
			};
			name = Release;
		};
		C51173EF25C0C60400A256F3 /* Debug */ = {
			isa = XCBuildConfiguration;
			buildSettings = {
				ALWAYS_EMBED_SWIFT_STANDARD_LIBRARIES = YES;
				CODE_SIGN_STYLE = Automatic;
				INFOPLIST_FILE = TwitterFakeAppUITests/Info.plist;
				LD_RUNPATH_SEARCH_PATHS = (
					"$(inherited)",
					"@executable_path/Frameworks",
					"@loader_path/Frameworks",
				);
				PRODUCT_BUNDLE_IDENTIFIER = com.adriangjorge.TwitterFakeAppUITests;
				PRODUCT_NAME = "$(TARGET_NAME)";
				SWIFT_VERSION = 5.0;
				TARGETED_DEVICE_FAMILY = "1,2";
				TEST_TARGET_NAME = TwitterFakeApp;
			};
			name = Debug;
		};
		C51173F025C0C60400A256F3 /* Release */ = {
			isa = XCBuildConfiguration;
			buildSettings = {
				ALWAYS_EMBED_SWIFT_STANDARD_LIBRARIES = YES;
				CODE_SIGN_STYLE = Automatic;
				INFOPLIST_FILE = TwitterFakeAppUITests/Info.plist;
				LD_RUNPATH_SEARCH_PATHS = (
					"$(inherited)",
					"@executable_path/Frameworks",
					"@loader_path/Frameworks",
				);
				PRODUCT_BUNDLE_IDENTIFIER = com.adriangjorge.TwitterFakeAppUITests;
				PRODUCT_NAME = "$(TARGET_NAME)";
				SWIFT_VERSION = 5.0;
				TARGETED_DEVICE_FAMILY = "1,2";
				TEST_TARGET_NAME = TwitterFakeApp;
			};
			name = Release;
		};
/* End XCBuildConfiguration section */

/* Begin XCConfigurationList section */
		C51173B925C0C60300A256F3 /* Build configuration list for PBXProject "TwitterFakeApp" */ = {
			isa = XCConfigurationList;
			buildConfigurations = (
				C51173E625C0C60400A256F3 /* Debug */,
				C51173E725C0C60400A256F3 /* Release */,
			);
			defaultConfigurationIsVisible = 0;
			defaultConfigurationName = Release;
		};
		C51173E825C0C60400A256F3 /* Build configuration list for PBXNativeTarget "TwitterFakeApp" */ = {
			isa = XCConfigurationList;
			buildConfigurations = (
				C51173E925C0C60400A256F3 /* Debug */,
				C51173EA25C0C60400A256F3 /* Release */,
			);
			defaultConfigurationIsVisible = 0;
			defaultConfigurationName = Release;
		};
		C51173EB25C0C60400A256F3 /* Build configuration list for PBXNativeTarget "TwitterFakeAppTests" */ = {
			isa = XCConfigurationList;
			buildConfigurations = (
				C51173EC25C0C60400A256F3 /* Debug */,
				C51173ED25C0C60400A256F3 /* Release */,
			);
			defaultConfigurationIsVisible = 0;
			defaultConfigurationName = Release;
		};
		C51173EE25C0C60400A256F3 /* Build configuration list for PBXNativeTarget "TwitterFakeAppUITests" */ = {
			isa = XCConfigurationList;
			buildConfigurations = (
				C51173EF25C0C60400A256F3 /* Debug */,
				C51173F025C0C60400A256F3 /* Release */,
			);
			defaultConfigurationIsVisible = 0;
			defaultConfigurationName = Release;
		};
/* End XCConfigurationList section */
	};
	rootObject = C51173B625C0C60300A256F3 /* Project object */;
}
